Microsoft Visual Studio Solution File, Format Version 12.00
# Visual Studio Version 17
VisualStudioVersion = 17.5.2.0
MinimumVisualStudioVersion = 10.0.40219.1
Project("{FAE04EC0-301F-11D3-BF4B-00C04F79EFBC}") = "EntityFrameworkCore.MySql.SimpleBulks.ConnectionExtensionsTests", "EntityFrameworkCore.MySql.SimpleBulks.ConnectionExtensionsTests.csproj", "{91BCE399-58DB-0778-8931-7A29315FB91E}"
EndProject
Global
	GlobalSection(SolutionConfigurationPlatforms) = preSolution
		Debug|Any CPU = Debug|Any CPU
		Release|Any CPU = Release|Any CPU
	EndGlobalSection
	GlobalSection(ProjectConfigurationPlatforms) = postSolution
		{91BCE399-58DB-0778-8931-7A29315FB91E}.Debug|Any CPU.ActiveCfg = Debug|Any CPU
		{91BCE399-58DB-0778-8931-7A29315FB91E}.Debug|Any CPU.Build.0 = Debug|Any CPU
		{91BCE399-58DB-0778-8931-7A29315FB91E}.Release|Any CPU.ActiveCfg = Release|Any CPU
		{91BCE399-58DB-0778-8931-7A29315FB91E}.Release|Any CPU.Build.0 = Release|Any CPU
	EndGlobalSection
	GlobalSection(SolutionProperties) = preSolution
		HideSolutionNode = FALSE
	EndGlobalSection
	GlobalSection(ExtensibilityGlobals) = postSolution
		SolutionGuid = {1774EB2C-9C09-4637-BEAF-B3AACF17B00C}
	EndGlobalSection
EndGlobal
